
Microsoft Visual Studio Solution File, Format Version 12.00
# Visual Studio Version 17
VisualStudioVersion = 17.14.36212.18 d17.14
MinimumVisualStudioVersion = 10.0.40219.1
Project("{FAE04EC0-301F-11D3-BF4B-00C04F79EFBC}") = "LINQ02", "LINQ02\LINQ02.csproj", "{5246FA5E-320A-4254-9BBB-B26E6D8D9807}"
EndProject
Global
	GlobalSection(SolutionConfigurationPlatforms) = preSolution
		Debug|Any CPU = Debug|Any CPU
		Release|Any CPU = Release|Any CPU
	EndGlobalSection
	GlobalSection(ProjectConfigurationPlatforms) = postSolution
		{5246FA5E-320A-4254-9BBB-B26E6D8D9807}.Debug|Any CPU.ActiveCfg = Debug|Any CPU
		{5246FA5E-320A-4254-9BBB-B26E6D8D9807}.Debug|Any CPU.Build.0 = Debug|Any CPU
		{5246FA5E-320A-4254-9BBB-B26E6D8D9807}.Release|Any CPU.ActiveCfg = Release|Any CPU
		{5246FA5E-320A-4254-9BBB-B26E6D8D9807}.Release|Any CPU.Build.0 = Release|Any CPU
	EndGlobalSection
	GlobalSection(SolutionProperties) = preSolution
		HideSolutionNode = FALSE
	EndGlobalSection
	GlobalSection(ExtensibilityGlobals) = postSolution
		SolutionGuid = {A575A859-6295-44D2-ADA0-E8B68A575D54}
	EndGlobalSection
EndGlobal
